
Microsoft Visual Studio Solution File, Format Version 12.00
# Visual Studio Version 17
VisualStudioVersion = 17.5.33516.290
MinimumVisualStudioVersion = 10.0.40219.1
Project("{9A19103F-16F7-4668-BE54-9A1E7A4F7556}") = "Loan The Manager", "jxdb_management\Loan The Manager.csproj", "{68D280CF-62DB-4D3A-9BF9-EC35BA85637A}"
EndProject
Global
	GlobalSection(SolutionConfigurationPlatforms) = preSolution
		Debug|Any CPU = Debug|Any CPU
		Release|Any CPU = Release|Any CPU
	EndGlobalSection
	GlobalSection(ProjectConfigurationPlatforms) = postSolution
		{68D280CF-62DB-4D3A-9BF9-EC35BA85637A}.Debug|Any CPU.ActiveCfg = Debug|Any CPU
		{68D280CF-62DB-4D3A-9BF9-EC35BA85637A}.Debug|Any CPU.Build.0 = Debug|Any CPU
		{68D280CF-62DB-4D3A-9BF9-EC35BA85637A}.Release|Any CPU.ActiveCfg = Release|Any CPU
		{68D280CF-62DB-4D3A-9BF9-EC35BA85637A}.Release|Any CPU.Build.0 = Release|Any CPU
	EndGlobalSection
	GlobalSection(SolutionProperties) = preSolution
		HideSolutionNode = FALSE
	EndGlobalSection
	GlobalSection(ExtensibilityGlobals) = postSolution
		SolutionGuid = {0C33C532-96BF-4432-A7F8-2CCA3DC9AB04}
	EndGlobalSection
EndGlobal
